// !$*UTF8*$!
{
	archiveVersion = 1;
	classes = {
	};
	objectVersion = 55;
	objects = {

/* Begin PBXBuildFile section */
		AE9D776F282A504100D7B7FF /* AppDelegate.swift in Sources */ = {isa = PBXBuildFile; fileRef = AE9D776E282A504100D7B7FF /* AppDelegate.swift */; };
		AE9D7771282A504100D7B7FF /* SceneDelegate.swift in Sources */ = {isa = PBXBuildFile; fileRef = AE9D7770282A504100D7B7FF /* SceneDelegate.swift */; };
		AE9D7773282A504100D7B7FF /* ViewController.swift in Sources */ = {isa = PBXBuildFile; fileRef = AE9D7772282A504100D7B7FF /* ViewController.swift */; };
		AE9D7776282A504100D7B7FF /* Main.storyboard in Resources */ = {isa = PBXBuildFile; fileRef = AE9D7774282A504100D7B7FF /* Main.storyboard */; };
		AE9D7778282A504200D7B7FF /* Assets.xcassets in Resources */ = {isa = PBXBuildFile; fileRef = AE9D7777282A504200D7B7FF /* Assets.xcassets */; };
		AE9D777B282A504200D7B7FF /* LaunchScreen.storyboard in Resources */ = {isa = PBXBuildFile; fileRef = AE9D7779282A504200D7B7FF /* LaunchScreen.storyboard */; };
		AE9D7783282A50C200D7B7FF /* SeguePushViewController.swift in Sources */ = {isa = PBXBuildFile; fileRef = AE9D7782282A50C200D7B7FF /* SeguePushViewController.swift */; };
		AE9D7785282A517600D7B7FF /* SeguePresentViewController.swift in Sources */ = {isa = PBXBuildFile; fileRef = AE9D7784282A517600D7B7FF /* SeguePresentViewController.swift */; };
		AE9D7787282A51FF00D7B7FF /* CodePushViewController.swift in Sources */ = {isa = PBXBuildFile; fileRef = AE9D7786282A51FF00D7B7FF /* CodePushViewController.swift */; };
		AE9D7789282A533300D7B7FF /* CodePresentViewController.swift in Sources */ = {isa = PBXBuildFile; fileRef = AE9D7788282A533300D7B7FF /* CodePresentViewController.swift */; };
/* End PBXBuildFile section */

/* Begin PBXFileReference section */
		AE9D776B282A504100D7B7FF /* ScreenTransition.app */ = {isa = PBXFileReference; explicitFileType = wrapper.application; includeInIndex = 0; path = ScreenTransition.app; sourceTree = BUILT_PRODUCTS_DIR; };
		AE9D776E282A504100D7B7FF /* AppDelegate.swift */ = {isa = PBXFileReference; lastKnownFileType = sourcecode.swift; path = AppDelegate.swift; sourceTree = "<group>"; };
		AE9D7770282A504100D7B7FF /* SceneDelegate.swift */ = {isa = PBXFileReference; lastKnownFileType = sourcecode.swift; path = SceneDelegate.swift; sourceTree = "<group>"; };
		AE9D7772282A504100D7B7FF /* ViewController.swift */ = {isa = PBXFileReference; lastKnownFileType = sourcecode.swift; path = ViewController.swift; sourceTree = "<group>"; };
		AE9D7775282A504100D7B7FF /* Base */ = {isa = PBXFileReference; lastKnownFileType = file.storyboard; name = Base; path = Base.lproj/Main.storyboard; sourceTree = "<group>"; };
		AE9D7777282A504200D7B7FF /* Assets.xcassets */ = {isa = PBXFileReference; lastKnownFileType = folder.assetcatalog; path = Assets.xcassets; sourceTree = "<group>"; };
		AE9D777A282A504200D7B7FF /* Base */ = {isa = PBXFileReference; lastKnownFileType = file.storyboard; name = Base; path = Base.lproj/LaunchScreen.storyboard; sourceTree = "<group>"; };
		AE9D777C282A504200D7B7FF /* Info.plist */ = {isa = PBXFileReference; lastKnownFileType = text.plist.xml; path = Info.plist; sourceTree = "<group>"; };
		AE9D7782282A50C200D7B7FF /* SeguePushViewController.swift */ = {isa = PBXFileReference; lastKnownFileType = sourcecode.swift; path = SeguePushViewController.swift; sourceTree = "<group>"; };
		AE9D7784282A517600D7B7FF /* SeguePresentViewController.swift */ = {isa = PBXFileReference; lastKnownFileType = sourcecode.swift; path = SeguePresentViewController.swift; sourceTree = "<group>"; };
		AE9D7786282A51FF00D7B7FF /* CodePushViewController.swift */ = {isa = PBXFileReference; lastKnownFileType = sourcecode.swift; path = CodePushViewController.swift; sourceTree = "<group>"; };
		AE9D7788282A533300D7B7FF /* CodePresentViewController.swift */ = {isa = PBXFileReference; lastKnownFileType = sourcecode.swift; path = CodePresentViewController.swift; sourceTree = "<group>"; };
/* End PBXFileReference section */

/* Begin PBXFrameworksBuildPhase section */
		AE9D7768282A504100D7B7FF /* Frameworks */ = {
			isa = PBXFrameworksBuildPhase;
			buildActionMask = 2147483647;
			files = (
			);
			runOnlyForDeploymentPostprocessing = 0;
		};
/* End PBXFrameworksBuildPhase section */

/* Begin PBXGroup section */
		AE9D7762282A504100D7B7FF = {
			isa = PBXGroup;
			children = (
				AE9D776D282A504100D7B7FF /* ScreenTransition */,
				AE9D776C282A504100D7B7FF /* Products */,
			);
			sourceTree = "<group>";
		};
		AE9D776C282A504100D7B7FF /* Products */ = {
			isa = PBXGroup;
			children = (
				AE9D776B282A504100D7B7FF /* ScreenTransition.app */,
			);
			name = Products;
			sourceTree = "<group>";
		};
		AE9D776D282A504100D7B7FF /* ScreenTransition */ = {
			isa = PBXGroup;
			children = (
				AE9D778A282A53F200D7B7FF /* Transition_ViewControllers */,
				AE9D776E282A504100D7B7FF /* AppDelegate.swift */,
				AE9D7770282A504100D7B7FF /* SceneDelegate.swift */,
				AE9D7772282A504100D7B7FF /* ViewController.swift */,
				AE9D7774282A504100D7B7FF /* Main.storyboard */,
				AE9D7777282A504200D7B7FF /* Assets.xcassets */,
				AE9D7779282A504200D7B7FF /* LaunchScreen.storyboard */,
				AE9D777C282A504200D7B7FF /* Info.plist */,
			);
			path = ScreenTransition;
			sourceTree = "<group>";
		};
		AE9D778A282A53F200D7B7FF /* Transition_ViewControllers */ = {
			isa = PBXGroup;
			children = (
				AE9D7782282A50C200D7B7FF /* SeguePushViewController.swift */,
				AE9D7784282A517600D7B7FF /* SeguePresentViewController.swift */,
				AE9D7786282A51FF00D7B7FF /* CodePushViewController.swift */,
				AE9D7788282A533300D7B7FF /* CodePresentViewController.swift */,
			);
			path = Transition_ViewControllers;
			sourceTree = "<group>";
		};
/* End PBXGroup section */

/* Begin PBXNativeTarget section */
		AE9D776A282A504100D7B7FF /* ScreenTransition */ = {
			isa = PBXNativeTarget;
			buildConfigurationList = AE9D777F282A504200D7B7FF /* Build configuration list for PBXNativeTarget "ScreenTransition" */;
			buildPhases = (
				AE9D7767282A504100D7B7FF /* Sources */,
				AE9D7768282A504100D7B7FF /* Frameworks */,
				AE9D7769282A504100D7B7FF /* Resources */,
			);
			buildRules = (
			);
			dependencies = (
			);
			name = ScreenTransition;
			productName = ScreenTransition;
			productReference = AE9D776B282A504100D7B7FF /* ScreenTransition.app */;
			productType = "com.apple.product-type.application";
		};
/* End PBXNativeTarget section */

/* Begin PBXProject section */
		AE9D7763282A504100D7B7FF /* Project object */ = {
			isa = PBXProject;
			attributes = {
				BuildIndependentTargetsInParallel = 1;
				LastSwiftUpdateCheck = 1330;
				LastUpgradeCheck = 1330;
				TargetAttributes = {
					AE9D776A282A504100D7B7FF = {
						CreatedOnToolsVersion = 13.3.1;
					};
				};
			};
			buildConfigurationList = AE9D7766282A504100D7B7FF /* Build configuration list for PBXProject "ScreenTransition" */;
			compatibilityVersion = "Xcode 13.0";
			developmentRegion = en;
			hasScannedForEncodings = 0;
			knownRegions = (
				en,
				Base,
			);
			mainGroup = AE9D7762282A504100D7B7FF;
			productRefGroup = AE9D776C282A504100D7B7FF /* Products */;
			projectDirPath = "";
			projectRoot = "";
			targets = (
				AE9D776A282A504100D7B7FF /* ScreenTransition */,
			);
		};
/* End PBXProject section */

/* Begin PBXResourcesBuildPhase section */
		AE9D7769282A504100D7B7FF /* Resources */ = {
			isa = PBXResourcesBuildPhase;
			buildActionMask = 2147483647;
			files = (
				AE9D777B282A504200D7B7FF /* LaunchScreen.storyboard in Resources */,
				AE9D7778282A504200D7B7FF /* Assets.xcassets in Resources */,
				AE9D7776282A504100D7B7FF /* Main.storyboard in Resources */,
			);
			runOnlyForDeploymentPostprocessing = 0;
		};
/* End PBXResourcesBuildPhase section */

/* Begin PBXSourcesBuildPhase section */
		AE9D7767282A504100D7B7FF /* Sources */ = {
			isa = PBXSourcesBuildPhase;
			buildActionMask = 2147483647;
			files = (
				AE9D7783282A50C200D7B7FF /* SeguePushViewController.swift in Sources */,
				AE9D7787282A51FF00D7B7FF /* CodePushViewController.swift in Sources */,
				AE9D7773282A504100D7B7FF /* ViewController.swift in Sources */,
				AE9D776F282A504100D7B7FF /* AppDelegate.swift in Sources */,
				AE9D7789282A533300D7B7FF /* CodePresentViewController.swift in Sources */,
				AE9D7785282A517600D7B7FF /* SeguePresentViewController.swift in Sources */,
				AE9D7771282A504100D7B7FF /* SceneDelegate.swift in Sources */,
			);
			runOnlyForDeploymentPostprocessing = 0;
		};
/* End PBXSourcesBuildPhase section */

/* Begin PBXVariantGroup section */
		AE9D7774282A504100D7B7FF /* Main.storyboard */ = {
			isa = PBXVariantGroup;
			children = (
				AE9D7775282A504100D7B7FF /* Base */,
			);
			name = Main.storyboard;
			sourceTree = "<group>";
		};
		AE9D7779282A504200D7B7FF /* LaunchScreen.storyboard */ = {
			isa = PBXVariantGroup;
			children = (
				AE9D777A282A504200D7B7FF /* Base */,
			);
			name = LaunchScreen.storyboard;
			sourceTree = "<group>";
		};
/* End PBXVariantGroup section */

/* Begin XCBuildConfiguration section */
		AE9D777D282A504200D7B7FF /* Debug */ = {
			isa = XCBuildConfiguration;
			buildSettings = {
				ALWAYS_SEARCH_USER_PATHS = NO;
				CLANG_ANALYZER_NONNULL = YES;
				CLANG_ANALYZER_NUMBER_OBJECT_CONVERSION = YES_AGGRESSIVE;
				CLANG_CXX_LANGUAGE_STANDARD = "gnu++17";
				CLANG_ENABLE_MODULES = YES;
				CLANG_ENABLE_OBJC_ARC = YES;
				CLANG_ENABLE_OBJC_WEAK = YES;
				CLANG_WARN_BLOCK_CAPTURE_AUTORELEASING = YES;
				CLANG_WARN_BOOL_CONVERSION = YES;
				CLANG_WARN_COMMA = YES;
				CLANG_WARN_CONSTANT_CONVERSION = YES;
				CLANG_WARN_DEPRECATED_OBJC_IMPLEMENTATIONS = YES;
				CLANG_WARN_DIRECT_OBJC_ISA_USAGE = YES_ERROR;
				CLANG_WARN_DOCUMENTATION_COMMENTS = YES;
				CLANG_WARN_EMPTY_BODY = YES;
				CLANG_WARN_ENUM_CONVERSION = YES;
				CLANG_WARN_INFINITE_RECURSION = YES;
				CLANG_WARN_INT_CONVERSION = YES;
				CLANG_WARN_NON_LITERAL_NULL_CONVERSION = YES;
				CLANG_WARN_OBJC_IMPLICIT_RETAIN_SELF = YES;
				CLANG_WARN_OBJC_LITERAL_CONVERSION = YES;
				CLANG_WARN_OBJC_ROOT_CLASS = YES_ERROR;
				CLANG_WARN_QUOTED_INCLUDE_IN_FRAMEWORK_HEADER = YES;
				CLANG_WARN_RANGE_LOOP_ANALYSIS = YES;
				CLANG_WARN_STRICT_PROTOTYPES = YES;
				CLANG_WARN_SUSPICIOUS_MOVE = YES;
				CLANG_WARN_UNGUARDED_AVAILABILITY = YES_AGGRESSIVE;
				CLANG_WARN_UNREACHABLE_CODE = YES;
				CLANG_WARN__DUPLICATE_METHOD_MATCH = YES;
				COPY_PHASE_STRIP = NO;
				DEBUG_INFORMATION_FORMAT = dwarf;
				ENABLE_STRICT_OBJC_MSGSEND = YES;
				ENABLE_TESTABILITY = YES;
				GCC_C_LANGUAGE_STANDARD = gnu11;
				GCC_DYNAMIC_NO_PIC = NO;
				GCC_NO_COMMON_BLOCKS = YES;
				GCC_OPTIMIZATION_LEVEL = 0;
				GCC_PREPROCESSOR_DEFINITIONS = (
					"DEBUG=1",
					"$(inherited)",
				);
				GCC_WARN_64_TO_32_BIT_CONVERSION = YES;
				GCC_WARN_ABOUT_RETURN_TYPE = YES_ERROR;
				GCC_WARN_UNDECLARED_SELECTOR = YES;
				GCC_WARN_UNINITIALIZED_AUTOS = YES_AGGRESSIVE;
				GCC_WARN_UNUSED_FUNCTION = YES;
				GCC_WARN_UNUSED_VARIABLE = YES;
				IPHONEOS_DEPLOYMENT_TARGET = 15.4;
				MTL_ENABLE_DEBUG_INFO = INCLUDE_SOURCE;
				MTL_FAST_MATH = YES;
				ONLY_ACTIVE_ARCH = YES;
				SDKROOT = iphoneos;
				SWIFT_ACTIVE_COMPILATION_CONDITIONS = DEBUG;
				SWIFT_OPTIMIZATION_LEVEL = "-Onone";
			};
			name = Debug;
		};
		AE9D777E282A504200D7B7FF /* Release */ = {
			isa = XCBuildConfiguration;
			buildSettings = {
				ALWAYS_SEARCH_USER_PATHS = NO;
				CLANG_ANALYZER_NONNULL = YES;
				CLANG_ANALYZER_NUMBER_OBJECT_CONVERSION = YES_AGGRESSIVE;
				CLANG_CXX_LANGUAGE_STANDARD = "gnu++17";
				CLANG_ENABLE_MODULES = YES;
				CLANG_ENABLE_OBJC_ARC = YES;
				CLANG_ENABLE_OBJC_WEAK = YES;
				CLANG_WARN_BLOCK_CAPTURE_AUTORELEASING = YES;
				CLANG_WARN_BOOL_CONVERSION = YES;
				CLANG_WARN_COMMA = YES;
				CLANG_WARN_CONSTANT_CONVERSION = YES;
				CLANG_WARN_DEPRECATED_OBJC_IMPLEMENTATIONS = YES;
				CLANG_WARN_DIRECT_OBJC_ISA_USAGE = YES_ERROR;
				CLANG_WARN_DOCUMENTATION_COMMENTS = YES;
				CLANG_WARN_EMPTY_BODY = YES;
				CLANG_WARN_ENUM_CONVERSION = YES;
				CLANG_WARN_INFINITE_RECURSION = YES;
				CLANG_WARN_INT_CONVERSION = YES;
				CLANG_WARN_NON_LITERAL_NULL_CONVERSION = YES;
				CLANG_WARN_OBJC_IMPLICIT_RETAIN_SELF = YES;
				CLANG_WARN_OBJC_LITERAL_CONVERSION = YES;
				CLANG_WARN_OBJC_ROOT_CLASS = YES_ERROR;
				CLANG_WARN_QUOTED_INCLUDE_IN_FRAMEWORK_HEADER = YES;
				CLANG_WARN_RANGE_LOOP_ANALYSIS = YES;
				CLANG_WARN_STRICT_PROTOTYPES = YES;
				CLANG_WARN_SUSPICIOUS_MOVE = YES;
				CLANG_WARN_UNGUARDED_AVAILABILITY = YES_AGGRESSIVE;
				CLANG_WARN_UNREACHABLE_CODE = YES;
				CLANG_WARN__DUPLICATE_METHOD_MATCH = YES;
				COPY_PHASE_STRIP = NO;
				DEBUG_INFORMATION_FORMAT = "dwarf-with-dsym";
				ENABLE_NS_ASSERTIONS = NO;
				ENABLE_STRICT_OBJC_MSGSEND = YES;
				GCC_C_LANGUAGE_STANDARD = gnu11;
				GCC_NO_COMMON_BLOCKS = YES;
				GCC_WARN_64_TO_32_BIT_CONVERSION = YES;
				GCC_WARN_ABOUT_RETURN_TYPE = YES_ERROR;
				GCC_WARN_UNDECLARED_SELECTOR = YES;
				GCC_WARN_UNINITIALIZED_AUTOS = YES_AGGRESSIVE;
				GCC_WARN_UNUSED_FUNCTION = YES;
				GCC_WARN_UNUSED_VARIABLE = YES;
				IPHONEOS_DEPLOYMENT_TARGET = 15.4;
				MTL_ENABLE_DEBUG_INFO = NO;
				MTL_FAST_MATH = YES;
				SDKROOT = iphoneos;
				SWIFT_COMPILATION_MODE = wholemodule;
				SWIFT_OPTIMIZATION_LEVEL = "-O";
				VALIDATE_PRODUCT = YES;
			};
			name = Release;
		};
		AE9D7780282A504200D7B7FF /* Debug */ = {
			isa = XCBuildConfiguration;
			buildSettings = {
				ASSETCATALOG_COMPILER_APPICON_NAME = AppIcon;
				ASSETCATALOG_COMPILER_GLOBAL_ACCENT_COLOR_NAME = AccentColor;
				CODE_SIGN_STYLE = Automatic;
				CURRENT_PROJECT_VERSION = 1;
				DEVELOPMENT_TEAM = ZAL935K4Y8;
				GENERATE_INFOPLIST_FILE = YES;
				INFOPLIST_FILE = ScreenTransition/Info.plist;
				INFOPLIST_KEY_UIApplicationSupportsIndirectInputEvents = YES;
				INFOPLIST_KEY_UILaunchStoryboardName = LaunchScreen;
				INFOPLIST_KEY_UIMainStoryboardFile = Main;
				INFOPLIST_KEY_UISupportedInterfaceOrientations_iPad = "UIInterfaceOrientationPortrait UIInterfaceOrientationPortraitUpsideDown UIInterfaceOrientationLandscapeLeft UIInterfaceOrientationLandscapeRight";
				INFOPLIST_KEY_UISupportedInterfaceOrientations_iPhone = "UIInterfaceOrientationPortrait UIInterfaceOrientationLandscapeLeft UIInterfaceOrientationLandscapeRight";
				LD_RUNPATH_SEARCH_PATHS = (
					"$(inherited)",
					"@executable_path/Frameworks",
				);
				MARKETING_VERSION = 1.0;
				PRODUCT_BUNDLE_IDENTIFIER = test.ScreenTransition;
				PRODUCT_NAME = "$(TARGET_NAME)";
				SWIFT_EMIT_LOC_STRINGS = YES;
				SWIFT_VERSION = 5.0;
				TARGETED_DEVICE_FAMILY = "1,2";
			};
			name = Debug;
		};
		AE9D7781282A504200D7B7FF /* Release */ = {
			isa = XCBuildConfiguration;
			buildSettings = {
				ASSETCATALOG_COMPILER_APPICON_NAME = AppIcon;
				ASSETCATALOG_COMPILER_GLOBAL_ACCENT_COLOR_NAME = AccentColor;
				CODE_SIGN_STYLE = Automatic;
				CURRENT_PROJECT_VERSION = 1;
				DEVELOPMENT_TEAM = ZAL935K4Y8;
				GENERATE_INFOPLIST_FILE = YES;
				INFOPLIST_FILE = ScreenTransition/Info.plist;
				INFOPLIST_KEY_UIApplicationSupportsIndirectInputEvents = YES;
				INFOPLIST_KEY_UILaunchStoryboardName = LaunchScreen;
				INFOPLIST_KEY_UIMainStoryboardFile = Main;
				INFOPLIST_KEY_UISupportedInterfaceOrientations_iPad = "UIInterfaceOrientationPortrait UIInterfaceOrientationPortraitUpsideDown UIInterfaceOrientationLandscapeLeft UIInterfaceOrientationLandscapeRight";
				INFOPLIST_KEY_UISupportedInterfaceOrientations_iPhone = "UIInterfaceOrientationPortrait UIInterfaceOrientationLandscapeLeft UIInterfaceOrientationLandscapeRight";
				LD_RUNPATH_SEARCH_PATHS = (
					"$(inherited)",
					"@executable_path/Frameworks",
				);
				MARKETING_VERSION = 1.0;
				PRODUCT_BUNDLE_IDENTIFIER = test.ScreenTransition;
				PRODUCT_NAME = "$(TARGET_NAME)";
				SWIFT_EMIT_LOC_STRINGS = YES;
				SWIFT_VERSION = 5.0;
				TARGETED_DEVICE_FAMILY = "1,2";
			};
			name = Release;
		};
/* End XCBuildConfiguration section */

/* Begin XCConfigurationList section */
		AE9D7766282A504100D7B7FF /* Build configuration list for PBXProject "ScreenTransition" */ = {
			isa = XCConfigurationList;
			buildConfigurations = (
				AE9D777D282A504200D7B7FF /* Debug */,
				AE9D777E282A504200D7B7FF /* Release */,
			);
			defaultConfigurationIsVisible = 0;
			defaultConfigurationName = Release;
		};
		AE9D777F282A504200D7B7FF /* Build configuration list for PBXNativeTarget "ScreenTransition" */ = {
			isa = XCConfigurationList;
			buildConfigurations = (
				AE9D7780282A504200D7B7FF /* Debug */,
				AE9D7781282A504200D7B7FF /* Release */,
			);
			defaultConfigurationIsVisible = 0;
			defaultConfigurationName = Release;
		};
/* End XCConfigurationList section */
	};
	rootObject = AE9D7763282A504100D7B7FF /* Project object */;
}
